
Microsoft Visual Studio Solution File, Format Version 12.00
# Visual Studio 15
VisualStudioVersion = 15.0.27004.2009
MinimumVisualStudioVersion = 10.0.40219.1
Project("{8BC9CEB8-8B4A-11D0-8D11-00A0C91BC942}") = "QuickSorter", "QuickSorter\QuickSorter.vcxproj", "{6F128D59-C83B-44AA-80AA-DB4641BB6BAB}"
EndProject
Global
	GlobalSection(SolutionConfigurationPlatforms) = preSolution
		Debug|x64 = Debug|x64
		Debug|x86 = Debug|x86
		Release|x64 = Release|x64
		Release|x86 = Release|x86
	EndGlobalSection
	GlobalSection(ProjectConfigurationPlatforms) = postSolution
		{6F128D59-C83B-44AA-80AA-DB4641BB6BAB}.Debug|x64.ActiveCfg = Debug|x64
		{6F128D59-C83B-44AA-80AA-DB4641BB6BAB}.Debug|x64.Build.0 = Debug|x64
		{6F128D59-C83B-44AA-80AA-DB4641BB6BAB}.Debug|x86.ActiveCfg = Debug|Win32
		{6F128D59-C83B-44AA-80AA-DB4641BB6BAB}.Debug|x86.Build.0 = Debug|Win32
		{6F128D59-C83B-44AA-80AA-DB4641BB6BAB}.Release|x64.ActiveCfg = Release|x64
		{6F128D59-C83B-44AA-80AA-DB4641BB6BAB}.Release|x64.Build.0 = Release|x64
		{6F128D59-C83B-44AA-80AA-DB4641BB6BAB}.Release|x86.ActiveCfg = Release|Win32
		{6F128D59-C83B-44AA-80AA-DB4641BB6BAB}.Release|x86.Build.0 = Release|Win32
	EndGlobalSection
	GlobalSection(SolutionProperties) = preSolution
		HideSolutionNode = FALSE
	EndGlobalSection
	GlobalSection(ExtensibilityGlobals) = postSolution
		SolutionGuid = {158DF903-3C1D-4BFC-99C8-7F162C32E4B8}
	EndGlobalSection
EndGlobal
